
Microsoft Visual Studio Solution File, Format Version 12.00
# Visual Studio Version 16
VisualStudioVersion = 16.0.29728.190
MinimumVisualStudioVersion = 10.0.40219.1
Project("{9A19103F-16F7-4668-BE54-9A1E7A4F7556}") = "Coderz.Kubernetes.Extensions", "src\Coderz.Kubernetes.Extensions\Coderz.Kubernetes.Extensions.csproj", "{660C4155-4F58-47C0-9BF2-846CA74ACFDD}"
EndProject
Project("{FAE04EC0-301F-11D3-BF4B-00C04F79EFBC}") = "UnitTests", "src\UnitTests\UnitTests.csproj", "{1E5F3B39-04B6-4A27-A2AF-00677374D99A}"
EndProject
Global
	GlobalSection(SolutionConfigurationPlatforms) = preSolution
		Debug|Any CPU = Debug|Any CPU
		Release|Any CPU = Release|Any CPU
	EndGlobalSection
	GlobalSection(ProjectConfigurationPlatforms) = postSolution
		{660C4155-4F58-47C0-9BF2-846CA74ACFDD}.Debug|Any CPU.ActiveCfg = Debug|Any CPU
		{660C4155-4F58-47C0-9BF2-846CA74ACFDD}.Debug|Any CPU.Build.0 = Debug|Any CPU
		{660C4155-4F58-47C0-9BF2-846CA74ACFDD}.Release|Any CPU.ActiveCfg = Release|Any CPU
		{660C4155-4F58-47C0-9BF2-846CA74ACFDD}.Release|Any CPU.Build.0 = Release|Any CPU
		{1E5F3B39-04B6-4A27-A2AF-00677374D99A}.Debug|Any CPU.ActiveCfg = Debug|Any CPU
		{1E5F3B39-04B6-4A27-A2AF-00677374D99A}.Debug|Any CPU.Build.0 = Debug|Any CPU
		{1E5F3B39-04B6-4A27-A2AF-00677374D99A}.Release|Any CPU.ActiveCfg = Release|Any CPU
		{1E5F3B39-04B6-4A27-A2AF-00677374D99A}.Release|Any CPU.Build.0 = Release|Any CPU
	EndGlobalSection
	GlobalSection(SolutionProperties) = preSolution
		HideSolutionNode = FALSE
	EndGlobalSection
	GlobalSection(ExtensibilityGlobals) = postSolution
		SolutionGuid = {B11500FF-05E2-47F9-A1CB-CF830174D9C4}
	EndGlobalSection
EndGlobal
